
Microsoft Visual Studio Solution File, Format Version 12.00
Project("{FAE04EC0-301F-11D3-BF4B-00C04F79EFBC}") = "DAMApp", "DAMApp\DAMApp\DAMApp.csproj", "{1E2A3E69-CA8B-4664-915C-76FA54B5212A}"
EndProject
Project("{FAE04EC0-301F-11D3-BF4B-00C04F79EFBC}") = "DAMApp.Client", "DAMApp\DAMApp.Client\DAMApp.Client.csproj", "{1E299D64-39B6-4DA9-9DB7-3E8DA726F73A}"
EndProject
Global
	GlobalSection(SolutionConfigurationPlatforms) = preSolution
		Debug|Any CPU = Debug|Any CPU
		Release|Any CPU = Release|Any CPU
	EndGlobalSection
	GlobalSection(ProjectConfigurationPlatforms) = postSolution
		{1E2A3E69-CA8B-4664-915C-76FA54B5212A}.Debug|Any CPU.ActiveCfg = Debug|Any CPU
		{1E2A3E69-CA8B-4664-915C-76FA54B5212A}.Debug|Any CPU.Build.0 = Debug|Any CPU
		{1E2A3E69-CA8B-4664-915C-76FA54B5212A}.Release|Any CPU.ActiveCfg = Release|Any CPU
		{1E2A3E69-CA8B-4664-915C-76FA54B5212A}.Release|Any CPU.Build.0 = Release|Any CPU
		{1E299D64-39B6-4DA9-9DB7-3E8DA726F73A}.Debug|Any CPU.ActiveCfg = Debug|Any CPU
		{1E299D64-39B6-4DA9-9DB7-3E8DA726F73A}.Debug|Any CPU.Build.0 = Debug|Any CPU
		{1E299D64-39B6-4DA9-9DB7-3E8DA726F73A}.Release|Any CPU.ActiveCfg = Release|Any CPU
		{1E299D64-39B6-4DA9-9DB7-3E8DA726F73A}.Release|Any CPU.Build.0 = Release|Any CPU
	EndGlobalSection
EndGlobal
